
Microsoft Visual Studio Solution File, Format Version 12.00
# Visual Studio Version 16
VisualStudioVersion = 16.0.30907.101
MinimumVisualStudioVersion = 10.0.40219.1
Project("{FAE04EC0-301F-11D3-BF4B-00C04F79EFBC}") = "Vidly", "Vidly\Vidly.csproj", "{7DA86648-B8CD-4351-8F6B-DAE0A12DEDE9}"
EndProject
Global
	GlobalSection(SolutionConfigurationPlatforms) = preSolution
		Debug|Any CPU = Debug|Any CPU
		Release|Any CPU = Release|Any CPU
	EndGlobalSection
	GlobalSection(ProjectConfigurationPlatforms) = postSolution
		{7DA86648-B8CD-4351-8F6B-DAE0A12DEDE9}.Debug|Any CPU.ActiveCfg = Debug|Any CPU
		{7DA86648-B8CD-4351-8F6B-DAE0A12DEDE9}.Debug|Any CPU.Build.0 = Debug|Any CPU
		{7DA86648-B8CD-4351-8F6B-DAE0A12DEDE9}.Release|Any CPU.ActiveCfg = Release|Any CPU
		{7DA86648-B8CD-4351-8F6B-DAE0A12DEDE9}.Release|Any CPU.Build.0 = Release|Any CPU
	EndGlobalSection
	GlobalSection(SolutionProperties) = preSolution
		HideSolutionNode = FALSE
	EndGlobalSection
	GlobalSection(ExtensibilityGlobals) = postSolution
		SolutionGuid = {567C5BF5-E7BB-4CD0-8AF2-6C5232257346}
	EndGlobalSection
EndGlobal
